# @generated by Move, please check-in and do not edit manually.

[move]
version = 3
manifest_digest = "E4AA95C92F3F35B8E1E92B3C14F136A084088CACCE1245737DA902E916B38F26"
deps_digest = "F8BBB0CCB2491CA29A3DF03D6F92277A4F3574266507ACD77214D37ECA3F3082"
dependencies = [
  { id = "Sui", name = "Sui" },
]

[[move.package]]
id = "MoveStdlib"
source = { git = "https://github.com/MystenLabs/sui.git", rev = "framework/testnet", subdir = "crates/sui-framework/packages/move-stdlib" }

[[move.package]]
id = "Sui"
source = { git = "https://github.com/MystenLabs/sui.git", rev = "framework/testnet", subdir = "crates/sui-framework/packages/sui-framework" }

dependencies = [
  { id = "MoveStdlib", name = "MoveStdlib" },
]

[move.toolchain-version]
compiler-version = "1.49.1"
edition = "2024"
flavor = "sui"

[env]

[env.testnet]
chain-id = "4c78adac"
original-published-id = "0x7f9abdd86213586f0eba4337f37e5073276340e8e60556ef44df70710b6d8a5d"
latest-published-id = "0x7f9abdd86213586f0eba4337f37e5073276340e8e60556ef44df70710b6d8a5d"
published-version = "1"

[env.devnet]
chain-id = "4a06526c"
original-published-id = "0xee3f5be3c4afc41ef0538ea648f9fd348ada6326153397dd033c0ca392398b0a"
latest-published-id = "0xee3f5be3c4afc41ef0538ea648f9fd348ada6326153397dd033c0ca392398b0a"
published-version = "1"
