# @generated by Move, please check-in and do not edit manually.

[move]
version = 3
manifest_digest = "E4AA95C92F3F35B8E1E92B3C14F136A084088CACCE1245737DA902E916B38F26"
deps_digest = "F8BBB0CCB2491CA29A3DF03D6F92277A4F3574266507ACD77214D37ECA3F3082"
dependencies = [
  { id = "Sui", name = "Sui" },
]

[[move.package]]
id = "MoveStdlib"
source = { git = "https://github.com/MystenLabs/sui.git", rev = "framework/testnet", subdir = "crates/sui-framework/packages/move-stdlib" }

[[move.package]]
id = "Sui"
source = { git = "https://github.com/MystenLabs/sui.git", rev = "framework/testnet", subdir = "crates/sui-framework/packages/sui-framework" }

dependencies = [
  { id = "MoveStdlib", name = "MoveStdlib" },
]

[move.toolchain-version]
compiler-version = "1.49.1"
edition = "2024"
flavor = "sui"

[env]

[env.testnet]
chain-id = "4c78adac"
original-published-id = "0x615781f0b6e16cbd4b290b20527851be8b23323b0547653c2e9962e8bdce3ff0"
latest-published-id = "0x615781f0b6e16cbd4b290b20527851be8b23323b0547653c2e9962e8bdce3ff0"
published-version = "1"

[env.devnet]
chain-id = "4a06526c"
original-published-id = "0xf074c8d5cedb36be30ada8ba0e91cccae52d122ba6240fcdccf6a00d4c0fd5f1"
latest-published-id = "0xf074c8d5cedb36be30ada8ba0e91cccae52d122ba6240fcdccf6a00d4c0fd5f1"
published-version = "1"
