# @generated by Move, please check-in and do not edit manually.

[move]
version = 3
manifest_digest = "1ECB275AEF4405E2BB1F85B34E6895917190100B80CED558509D74DF1DCE8C26"
deps_digest = "F8BBB0CCB2491CA29A3DF03D6F92277A4F3574266507ACD77214D37ECA3F3082"
dependencies = [
  { id = "Sui", name = "Sui" },
]

[[move.package]]
id = "MoveStdlib"
source = { git = "https://github.com/MystenLabs/sui.git", rev = "framework/testnet", subdir = "crates/sui-framework/packages/move-stdlib" }

[[move.package]]
id = "Sui"
source = { git = "https://github.com/MystenLabs/sui.git", rev = "framework/testnet", subdir = "crates/sui-framework/packages/sui-framework" }

dependencies = [
  { id = "MoveStdlib", name = "MoveStdlib" },
]

[move.toolchain-version]
compiler-version = "1.49.1"
edition = "2024"
flavor = "sui"

[env]

[env.testnet]
chain-id = "4c78adac"
original-published-id = "0x659c4ac6fb276403dcf84070bac4b95169135fed57ef4e06e0fe638daee48f3f"
latest-published-id = "0x659c4ac6fb276403dcf84070bac4b95169135fed57ef4e06e0fe638daee48f3f"
published-version = "1"

[env.devnet]
chain-id = "6ee96fc3"
original-published-id = "0x8765bb4cc3243d839dbe0f43b738e0a8ec10ba37fbed9046cc65a852290b835c"
latest-published-id = "0x8765bb4cc3243d839dbe0f43b738e0a8ec10ba37fbed9046cc65a852290b835c"
published-version = "1"
